
Microsoft Visual Studio Solution File, Format Version 12.00
# Visual Studio Version 16
VisualStudioVersion = 16.0.29613.14
MinimumVisualStudioVersion = 10.0.40219.1
Project("{FAE04EC0-301F-11D3-BF4B-00C04F79EFBC}") = "BackgroundTasks", "BackgroundTasks\BackgroundTasks.csproj", "{0406485F-2717-4F3B-BFF5-01C8C6606CF1}"
EndProject
Project("{FAE04EC0-301F-11D3-BF4B-00C04F79EFBC}") = "App1", "App1\App1.csproj", "{871B0E51-D5F0-45D0-8BF4-410909D741C4}"
	ProjectSection(ProjectDependencies) = postProject
		{4B2C0643-0525-4B02-815C-FD5C6C30C865} = {4B2C0643-0525-4B02-815C-FD5C6C30C865}
	EndProjectSection
EndProject
Project("{FAE04EC0-301F-11D3-BF4B-00C04F79EFBC}") = "SystrayComponent", "SystrayComponent\SystrayComponent.csproj", "{4B2C0643-0525-4B02-815C-FD5C6C30C865}"
EndProject
Project("{C7167F0D-BC9F-4E6E-AFE1-012C56B48DB5}") = "PackageProject", "PackageProject\PackageProject.wapproj", "{63E4305D-0C70-48C3-8B23-5CD8ACA326C6}"
EndProject
Global
	GlobalSection(SolutionConfigurationPlatforms) = preSolution
		Debug|Any CPU = Debug|Any CPU
		Debug|ARM = Debug|ARM
		Debug|ARM64 = Debug|ARM64
		Debug|x64 = Debug|x64
		Debug|x86 = Debug|x86
		Release|Any CPU = Release|Any CPU
		Release|ARM = Release|ARM
		Release|ARM64 = Release|ARM64
		Release|x64 = Release|x64
		Release|x86 = Release|x86
	EndGlobalSection
	GlobalSection(ProjectConfigurationPlatforms) = postSolution
		{0406485F-2717-4F3B-BFF5-01C8C6606CF1}.Debug|Any CPU.ActiveCfg = Debug|x64
		{0406485F-2717-4F3B-BFF5-01C8C6606CF1}.Debug|Any CPU.Build.0 = Debug|x64
		{0406485F-2717-4F3B-BFF5-01C8C6606CF1}.Debug|ARM.ActiveCfg = Debug|ARM
		{0406485F-2717-4F3B-BFF5-01C8C6606CF1}.Debug|ARM.Build.0 = Debug|ARM
		{0406485F-2717-4F3B-BFF5-01C8C6606CF1}.Debug|ARM64.ActiveCfg = Debug|ARM64
		{0406485F-2717-4F3B-BFF5-01C8C6606CF1}.Debug|ARM64.Build.0 = Debug|ARM64
		{0406485F-2717-4F3B-BFF5-01C8C6606CF1}.Debug|x64.ActiveCfg = Debug|x64
		{0406485F-2717-4F3B-BFF5-01C8C6606CF1}.Debug|x64.Build.0 = Debug|x64
		{0406485F-2717-4F3B-BFF5-01C8C6606CF1}.Debug|x86.ActiveCfg = Debug|x86
		{0406485F-2717-4F3B-BFF5-01C8C6606CF1}.Debug|x86.Build.0 = Debug|x86
		{0406485F-2717-4F3B-BFF5-01C8C6606CF1}.Release|Any CPU.ActiveCfg = Release|Any CPU
		{0406485F-2717-4F3B-BFF5-01C8C6606CF1}.Release|Any CPU.Build.0 = Release|Any CPU
		{0406485F-2717-4F3B-BFF5-01C8C6606CF1}.Release|ARM.ActiveCfg = Release|ARM
		{0406485F-2717-4F3B-BFF5-01C8C6606CF1}.Release|ARM.Build.0 = Release|ARM
		{0406485F-2717-4F3B-BFF5-01C8C6606CF1}.Release|ARM64.ActiveCfg = Release|ARM64
		{0406485F-2717-4F3B-BFF5-01C8C6606CF1}.Release|ARM64.Build.0 = Release|ARM64
		{0406485F-2717-4F3B-BFF5-01C8C6606CF1}.Release|x64.ActiveCfg = Release|x64
		{0406485F-2717-4F3B-BFF5-01C8C6606CF1}.Release|x64.Build.0 = Release|x64
		{0406485F-2717-4F3B-BFF5-01C8C6606CF1}.Release|x86.ActiveCfg = Release|x86
		{0406485F-2717-4F3B-BFF5-01C8C6606CF1}.Release|x86.Build.0 = Release|x86
		{871B0E51-D5F0-45D0-8BF4-410909D741C4}.Debug|Any CPU.ActiveCfg = Debug|x64
		{871B0E51-D5F0-45D0-8BF4-410909D741C4}.Debug|Any CPU.Build.0 = Debug|x64
		{871B0E51-D5F0-45D0-8BF4-410909D741C4}.Debug|Any CPU.Deploy.0 = Debug|x64
		{871B0E51-D5F0-45D0-8BF4-410909D741C4}.Debug|ARM.ActiveCfg = Debug|ARM
		{871B0E51-D5F0-45D0-8BF4-410909D741C4}.Debug|ARM.Build.0 = Debug|ARM
		{871B0E51-D5F0-45D0-8BF4-410909D741C4}.Debug|ARM.Deploy.0 = Debug|ARM
		{871B0E51-D5F0-45D0-8BF4-410909D741C4}.Debug|ARM64.ActiveCfg = Debug|ARM64
		{871B0E51-D5F0-45D0-8BF4-410909D741C4}.Debug|ARM64.Build.0 = Debug|ARM64
		{871B0E51-D5F0-45D0-8BF4-410909D741C4}.Debug|ARM64.Deploy.0 = Debug|ARM64
		{871B0E51-D5F0-45D0-8BF4-410909D741C4}.Debug|x64.ActiveCfg = Debug|x64
		{871B0E51-D5F0-45D0-8BF4-410909D741C4}.Debug|x64.Build.0 = Debug|x64
		{871B0E51-D5F0-45D0-8BF4-410909D741C4}.Debug|x64.Deploy.0 = Debug|x64
		{871B0E51-D5F0-45D0-8BF4-410909D741C4}.Debug|x86.ActiveCfg = Debug|x86
		{871B0E51-D5F0-45D0-8BF4-410909D741C4}.Debug|x86.Build.0 = Debug|x86
		{871B0E51-D5F0-45D0-8BF4-410909D741C4}.Debug|x86.Deploy.0 = Debug|x86
		{871B0E51-D5F0-45D0-8BF4-410909D741C4}.Release|Any CPU.ActiveCfg = Release|x86
		{871B0E51-D5F0-45D0-8BF4-410909D741C4}.Release|Any CPU.Build.0 = Release|x86
		{871B0E51-D5F0-45D0-8BF4-410909D741C4}.Release|Any CPU.Deploy.0 = Release|x86
		{871B0E51-D5F0-45D0-8BF4-410909D741C4}.Release|ARM.ActiveCfg = Release|ARM
		{871B0E51-D5F0-45D0-8BF4-410909D741C4}.Release|ARM.Build.0 = Release|ARM
		{871B0E51-D5F0-45D0-8BF4-410909D741C4}.Release|ARM.Deploy.0 = Release|ARM
		{871B0E51-D5F0-45D0-8BF4-410909D741C4}.Release|ARM64.ActiveCfg = Release|ARM64
		{871B0E51-D5F0-45D0-8BF4-410909D741C4}.Release|ARM64.Build.0 = Release|ARM64
		{871B0E51-D5F0-45D0-8BF4-410909D741C4}.Release|ARM64.Deploy.0 = Release|ARM64
		{871B0E51-D5F0-45D0-8BF4-410909D741C4}.Release|x64.ActiveCfg = Release|x64
		{871B0E51-D5F0-45D0-8BF4-410909D741C4}.Release|x64.Build.0 = Release|x64
		{871B0E51-D5F0-45D0-8BF4-410909D741C4}.Release|x64.Deploy.0 = Release|x64
		{871B0E51-D5F0-45D0-8BF4-410909D741C4}.Release|x86.ActiveCfg = Release|x86
		{871B0E51-D5F0-45D0-8BF4-410909D741C4}.Release|x86.Build.0 = Release|x86
		{871B0E51-D5F0-45D0-8BF4-410909D741C4}.Release|x86.Deploy.0 = Release|x86
		{4B2C0643-0525-4B02-815C-FD5C6C30C865}.Debug|Any CPU.ActiveCfg = Debug|Any CPU
		{4B2C0643-0525-4B02-815C-FD5C6C30C865}.Debug|Any CPU.Build.0 = Debug|Any CPU
		{4B2C0643-0525-4B02-815C-FD5C6C30C865}.Debug|ARM.ActiveCfg = Debug|Any CPU
		{4B2C0643-0525-4B02-815C-FD5C6C30C865}.Debug|ARM.Build.0 = Debug|Any CPU
		{4B2C0643-0525-4B02-815C-FD5C6C30C865}.Debug|ARM64.ActiveCfg = Debug|Any CPU
		{4B2C0643-0525-4B02-815C-FD5C6C30C865}.Debug|ARM64.Build.0 = Debug|Any CPU
		{4B2C0643-0525-4B02-815C-FD5C6C30C865}.Debug|x64.ActiveCfg = Debug|Any CPU
		{4B2C0643-0525-4B02-815C-FD5C6C30C865}.Debug|x64.Build.0 = Debug|Any CPU
		{4B2C0643-0525-4B02-815C-FD5C6C30C865}.Debug|x86.ActiveCfg = Debug|Any CPU
		{4B2C0643-0525-4B02-815C-FD5C6C30C865}.Debug|x86.Build.0 = Debug|Any CPU
		{4B2C0643-0525-4B02-815C-FD5C6C30C865}.Release|Any CPU.ActiveCfg = Release|Any CPU
		{4B2C0643-0525-4B02-815C-FD5C6C30C865}.Release|Any CPU.Build.0 = Release|Any CPU
		{4B2C0643-0525-4B02-815C-FD5C6C30C865}.Release|ARM.ActiveCfg = Release|Any CPU
		{4B2C0643-0525-4B02-815C-FD5C6C30C865}.Release|ARM.Build.0 = Release|Any CPU
		{4B2C0643-0525-4B02-815C-FD5C6C30C865}.Release|ARM64.ActiveCfg = Release|Any CPU
		{4B2C0643-0525-4B02-815C-FD5C6C30C865}.Release|ARM64.Build.0 = Release|Any CPU
		{4B2C0643-0525-4B02-815C-FD5C6C30C865}.Release|x64.ActiveCfg = Release|Any CPU
		{4B2C0643-0525-4B02-815C-FD5C6C30C865}.Release|x64.Build.0 = Release|Any CPU
		{4B2C0643-0525-4B02-815C-FD5C6C30C865}.Release|x86.ActiveCfg = Release|Any CPU
		{4B2C0643-0525-4B02-815C-FD5C6C30C865}.Release|x86.Build.0 = Release|Any CPU
		{63E4305D-0C70-48C3-8B23-5CD8ACA326C6}.Debug|Any CPU.ActiveCfg = Debug|Any CPU
		{63E4305D-0C70-48C3-8B23-5CD8ACA326C6}.Debug|Any CPU.Build.0 = Debug|Any CPU
		{63E4305D-0C70-48C3-8B23-5CD8ACA326C6}.Debug|Any CPU.Deploy.0 = Debug|Any CPU
		{63E4305D-0C70-48C3-8B23-5CD8ACA326C6}.Debug|ARM.ActiveCfg = Debug|ARM
		{63E4305D-0C70-48C3-8B23-5CD8ACA326C6}.Debug|ARM.Build.0 = Debug|ARM
		{63E4305D-0C70-48C3-8B23-5CD8ACA326C6}.Debug|ARM.Deploy.0 = Debug|ARM
		{63E4305D-0C70-48C3-8B23-5CD8ACA326C6}.Debug|ARM64.ActiveCfg = Debug|ARM64
		{63E4305D-0C70-48C3-8B23-5CD8ACA326C6}.Debug|ARM64.Build.0 = Debug|ARM64
		{63E4305D-0C70-48C3-8B23-5CD8ACA326C6}.Debug|ARM64.Deploy.0 = Debug|ARM64
		{63E4305D-0C70-48C3-8B23-5CD8ACA326C6}.Debug|x64.ActiveCfg = Debug|x64
		{63E4305D-0C70-48C3-8B23-5CD8ACA326C6}.Debug|x64.Build.0 = Debug|x64
		{63E4305D-0C70-48C3-8B23-5CD8ACA326C6}.Debug|x64.Deploy.0 = Debug|x64
		{63E4305D-0C70-48C3-8B23-5CD8ACA326C6}.Debug|x86.ActiveCfg = Debug|x86
		{63E4305D-0C70-48C3-8B23-5CD8ACA326C6}.Debug|x86.Build.0 = Debug|x86
		{63E4305D-0C70-48C3-8B23-5CD8ACA326C6}.Debug|x86.Deploy.0 = Debug|x86
		{63E4305D-0C70-48C3-8B23-5CD8ACA326C6}.Release|Any CPU.ActiveCfg = Release|Any CPU
		{63E4305D-0C70-48C3-8B23-5CD8ACA326C6}.Release|Any CPU.Build.0 = Release|Any CPU
		{63E4305D-0C70-48C3-8B23-5CD8ACA326C6}.Release|Any CPU.Deploy.0 = Release|Any CPU
		{63E4305D-0C70-48C3-8B23-5CD8ACA326C6}.Release|ARM.ActiveCfg = Release|ARM
		{63E4305D-0C70-48C3-8B23-5CD8ACA326C6}.Release|ARM.Build.0 = Release|ARM
		{63E4305D-0C70-48C3-8B23-5CD8ACA326C6}.Release|ARM.Deploy.0 = Release|ARM
		{63E4305D-0C70-48C3-8B23-5CD8ACA326C6}.Release|ARM64.ActiveCfg = Release|ARM64
		{63E4305D-0C70-48C3-8B23-5CD8ACA326C6}.Release|ARM64.Build.0 = Release|ARM64
		{63E4305D-0C70-48C3-8B23-5CD8ACA326C6}.Release|ARM64.Deploy.0 = Release|ARM64
		{63E4305D-0C70-48C3-8B23-5CD8ACA326C6}.Release|x64.ActiveCfg = Release|x64
		{63E4305D-0C70-48C3-8B23-5CD8ACA326C6}.Release|x64.Build.0 = Release|x64
		{63E4305D-0C70-48C3-8B23-5CD8ACA326C6}.Release|x64.Deploy.0 = Release|x64
		{63E4305D-0C70-48C3-8B23-5CD8ACA326C6}.Release|x86.ActiveCfg = Release|x86
		{63E4305D-0C70-48C3-8B23-5CD8ACA326C6}.Release|x86.Build.0 = Release|x86
		{63E4305D-0C70-48C3-8B23-5CD8ACA326C6}.Release|x86.Deploy.0 = Release|x86
	EndGlobalSection
	GlobalSection(SolutionProperties) = preSolution
		HideSolutionNode = FALSE
	EndGlobalSection
	GlobalSection(ExtensibilityGlobals) = postSolution
		SolutionGuid = {5C1351DD-2F98-4638-A93B-2CBF24FE2201}
	EndGlobalSection
EndGlobal
